
Microsoft Visual Studio Solution File, Format Version 12.00
# Visual Studio Version 17
VisualStudioVersion = 17.3.32929.385
MinimumVisualStudioVersion = 10.0.40219.1
Project("{9A19103F-16F7-4668-BE54-9A1E7A4F7556}") = "JobPostingIntegrationFunctions", "FunctionApp1\JobPostingIntegrationFunctions.csproj", "{A6E428BA-1AA5-46F7-B815-162E9008DB9B}"
EndProject
Global
	GlobalSection(SolutionConfigurationPlatforms) = preSolution
		Debug|Any CPU = Debug|Any CPU
		Release|Any CPU = Release|Any CPU
	EndGlobalSection
	GlobalSection(ProjectConfigurationPlatforms) = postSolution
		{A6E428BA-1AA5-46F7-B815-162E9008DB9B}.Debug|Any CPU.ActiveCfg = Debug|Any CPU
		{A6E428BA-1AA5-46F7-B815-162E9008DB9B}.Debug|Any CPU.Build.0 = Debug|Any CPU
		{A6E428BA-1AA5-46F7-B815-162E9008DB9B}.Release|Any CPU.ActiveCfg = Release|Any CPU
		{A6E428BA-1AA5-46F7-B815-162E9008DB9B}.Release|Any CPU.Build.0 = Release|Any CPU
	EndGlobalSection
	GlobalSection(SolutionProperties) = preSolution
		HideSolutionNode = FALSE
	EndGlobalSection
	GlobalSection(ExtensibilityGlobals) = postSolution
		SolutionGuid = {603CCE42-DF26-4670-97F2-931DFA227C42}
	EndGlobalSection
EndGlobal
